// !$*UTF8*$!
{
	archiveVersion = 1;
	classes = {
	};
	objectVersion = 46;
	objects = {

/* Begin PBXBuildFile section */
		601ACA391EAF9BB4005E86BA /* AppDelegate.swift in Sources */ = {isa = PBXBuildFile; fileRef = 601ACA381EAF9BB4005E86BA /* AppDelegate.swift */; };
		601ACA3B1EAF9BB4005E86BA /* ViewController.swift in Sources */ = {isa = PBXBuildFile; fileRef = 601ACA3A1EAF9BB4005E86BA /* ViewController.swift */; };
		601ACA3E1EAF9BB4005E86BA /* Main.storyboard in Resources */ = {isa = PBXBuildFile; fileRef = 601ACA3C1EAF9BB4005E86BA /* Main.storyboard */; };
		601ACA401EAF9BB4005E86BA /* Assets.xcassets in Resources */ = {isa = PBXBuildFile; fileRef = 601ACA3F1EAF9BB4005E86BA /* Assets.xcassets */; };
		601ACA431EAF9BB4005E86BA /* LaunchScreen.storyboard in Resources */ = {isa = PBXBuildFile; fileRef = 601ACA411EAF9BB4005E86BA /* LaunchScreen.storyboard */; };
		601ACA4E1EAF9BB4005E86BA /* Pauline_Prayer_BookTests.swift in Sources */ = {isa = PBXBuildFile; fileRef = 601ACA4D1EAF9BB4005E86BA /* Pauline_Prayer_BookTests.swift */; };
		601ACA591EAF9BB4005E86BA /* Pauline_Prayer_BookUITests.swift in Sources */ = {isa = PBXBuildFile; fileRef = 601ACA581EAF9BB4005E86BA /* Pauline_Prayer_BookUITests.swift */; };
/* End PBXBuildFile section */

/* Begin PBXContainerItemProxy section */
		601ACA4A1EAF9BB4005E86BA /* PBXContainerItemProxy */ = {
			isa = PBXContainerItemProxy;
			containerPortal = 601ACA2D1EAF9BB4005E86BA /* Project object */;
			proxyType = 1;
			remoteGlobalIDString = 601ACA341EAF9BB4005E86BA;
			remoteInfo = "Pauline Prayer Book";
		};
		601ACA551EAF9BB4005E86BA /* PBXContainerItemProxy */ = {
			isa = PBXContainerItemProxy;
			containerPortal = 601ACA2D1EAF9BB4005E86BA /* Project object */;
			proxyType = 1;
			remoteGlobalIDString = 601ACA341EAF9BB4005E86BA;
			remoteInfo = "Pauline Prayer Book";
		};
/* End PBXContainerItemProxy section */

/* Begin PBXFileReference section */
		601ACA351EAF9BB4005E86BA /* Pauline Prayer Book.app */ = {isa = PBXFileReference; explicitFileType = wrapper.application; includeInIndex = 0; path = "Pauline Prayer Book.app"; sourceTree = BUILT_PRODUCTS_DIR; };
		601ACA381EAF9BB4005E86BA /* AppDelegate.swift */ = {isa = PBXFileReference; lastKnownFileType = sourcecode.swift; path = AppDelegate.swift; sourceTree = "<group>"; };
		601ACA3A1EAF9BB4005E86BA /* ViewController.swift */ = {isa = PBXFileReference; lastKnownFileType = sourcecode.swift; path = ViewController.swift; sourceTree = "<group>"; };
		601ACA3D1EAF9BB4005E86BA /* Base */ = {isa = PBXFileReference; lastKnownFileType = file.storyboard; name = Base; path = Base.lproj/Main.storyboard; sourceTree = "<group>"; };
		601ACA3F1EAF9BB4005E86BA /* Assets.xcassets */ = {isa = PBXFileReference; lastKnownFileType = folder.assetcatalog; path = Assets.xcassets; sourceTree = "<group>"; };
		601ACA421EAF9BB4005E86BA /* Base */ = {isa = PBXFileReference; lastKnownFileType = file.storyboard; name = Base; path = Base.lproj/LaunchScreen.storyboard; sourceTree = "<group>"; };
		601ACA441EAF9BB4005E86BA /* Info.plist */ = {isa = PBXFileReference; lastKnownFileType = text.plist.xml; path = Info.plist; sourceTree = "<group>"; };
		601ACA491EAF9BB4005E86BA /* Pauline Prayer BookTests.xctest */ = {isa = PBXFileReference; explicitFileType = wrapper.cfbundle; includeInIndex = 0; path = "Pauline Prayer BookTests.xctest"; sourceTree = BUILT_PRODUCTS_DIR; };
		601ACA4D1EAF9BB4005E86BA /* Pauline_Prayer_BookTests.swift */ = {isa = PBXFileReference; lastKnownFileType = sourcecode.swift; path = Pauline_Prayer_BookTests.swift; sourceTree = "<group>"; };
		601ACA4F1EAF9BB4005E86BA /* Info.plist */ = {isa = PBXFileReference; lastKnownFileType = text.plist.xml; path = Info.plist; sourceTree = "<group>"; };
		601ACA541EAF9BB4005E86BA /* Pauline Prayer BookUITests.xctest */ = {isa = PBXFileReference; explicitFileType = wrapper.cfbundle; includeInIndex = 0; path = "Pauline Prayer BookUITests.xctest"; sourceTree = BUILT_PRODUCTS_DIR; };
		601ACA581EAF9BB4005E86BA /* Pauline_Prayer_BookUITests.swift */ = {isa = PBXFileReference; lastKnownFileType = sourcecode.swift; path = Pauline_Prayer_BookUITests.swift; sourceTree = "<group>"; };
		601ACA5A1EAF9BB4005E86BA /* Info.plist */ = {isa = PBXFileReference; lastKnownFileType = text.plist.xml; path = Info.plist; sourceTree = "<group>"; };
/* End PBXFileReference section */

/* Begin PBXFrameworksBuildPhase section */
		601ACA321EAF9BB4005E86BA /* Frameworks */ = {
			isa = PBXFrameworksBuildPhase;
			buildActionMask = 2147483647;
			files = (
			);
			runOnlyForDeploymentPostprocessing = 0;
		};
		601ACA461EAF9BB4005E86BA /* Frameworks */ = {
			isa = PBXFrameworksBuildPhase;
			buildActionMask = 2147483647;
			files = (
			);
			runOnlyForDeploymentPostprocessing = 0;
		};
		601ACA511EAF9BB4005E86BA /* Frameworks */ = {
			isa = PBXFrameworksBuildPhase;
			buildActionMask = 2147483647;
			files = (
			);
			runOnlyForDeploymentPostprocessing = 0;
		};
/* End PBXFrameworksBuildPhase section */

/* Begin PBXGroup section */
		601ACA2C1EAF9BB4005E86BA = {
			isa = PBXGroup;
			children = (
				601ACA371EAF9BB4005E86BA /* Pauline Prayer Book */,
				601ACA4C1EAF9BB4005E86BA /* Pauline Prayer BookTests */,
				601ACA571EAF9BB4005E86BA /* Pauline Prayer BookUITests */,
				601ACA361EAF9BB4005E86BA /* Products */,
			);
			sourceTree = "<group>";
		};
		601ACA361EAF9BB4005E86BA /* Products */ = {
			isa = PBXGroup;
			children = (
				601ACA351EAF9BB4005E86BA /* Pauline Prayer Book.app */,
				601ACA491EAF9BB4005E86BA /* Pauline Prayer BookTests.xctest */,
				601ACA541EAF9BB4005E86BA /* Pauline Prayer BookUITests.xctest */,
			);
			name = Products;
			sourceTree = "<group>";
		};
		601ACA371EAF9BB4005E86BA /* Pauline Prayer Book */ = {
			isa = PBXGroup;
			children = (
				601ACA381EAF9BB4005E86BA /* AppDelegate.swift */,
				601ACA3A1EAF9BB4005E86BA /* ViewController.swift */,
				601ACA3C1EAF9BB4005E86BA /* Main.storyboard */,
				601ACA3F1EAF9BB4005E86BA /* Assets.xcassets */,
				601ACA411EAF9BB4005E86BA /* LaunchScreen.storyboard */,
				601ACA441EAF9BB4005E86BA /* Info.plist */,
			);
			path = "Pauline Prayer Book";
			sourceTree = "<group>";
		};
		601ACA4C1EAF9BB4005E86BA /* Pauline Prayer BookTests */ = {
			isa = PBXGroup;
			children = (
				601ACA4D1EAF9BB4005E86BA /* Pauline_Prayer_BookTests.swift */,
				601ACA4F1EAF9BB4005E86BA /* Info.plist */,
			);
			path = "Pauline Prayer BookTests";
			sourceTree = "<group>";
		};
		601ACA571EAF9BB4005E86BA /* Pauline Prayer BookUITests */ = {
			isa = PBXGroup;
			children = (
				601ACA581EAF9BB4005E86BA /* Pauline_Prayer_BookUITests.swift */,
				601ACA5A1EAF9BB4005E86BA /* Info.plist */,
			);
			path = "Pauline Prayer BookUITests";
			sourceTree = "<group>";
		};
/* End PBXGroup section */

/* Begin PBXNativeTarget section */
		601ACA341EAF9BB4005E86BA /* Pauline Prayer Book */ = {
			isa = PBXNativeTarget;
			buildConfigurationList = 601ACA5D1EAF9BB4005E86BA /* Build configuration list for PBXNativeTarget "Pauline Prayer Book" */;
			buildPhases = (
				601ACA311EAF9BB4005E86BA /* Sources */,
				601ACA321EAF9BB4005E86BA /* Frameworks */,
				601ACA331EAF9BB4005E86BA /* Resources */,
			);
			buildRules = (
			);
			dependencies = (
			);
			name = "Pauline Prayer Book";
			productName = "Pauline Prayer Book";
			productReference = 601ACA351EAF9BB4005E86BA /* Pauline Prayer Book.app */;
			productType = "com.apple.product-type.application";
		};
		601ACA481EAF9BB4005E86BA /* Pauline Prayer BookTests */ = {
			isa = PBXNativeTarget;
			buildConfigurationList = 601ACA601EAF9BB4005E86BA /* Build configuration list for PBXNativeTarget "Pauline Prayer BookTests" */;
			buildPhases = (
				601ACA451EAF9BB4005E86BA /* Sources */,
				601ACA461EAF9BB4005E86BA /* Frameworks */,
				601ACA471EAF9BB4005E86BA /* Resources */,
			);
			buildRules = (
			);
			dependencies = (
				601ACA4B1EAF9BB4005E86BA /* PBXTargetDependency */,
			);
			name = "Pauline Prayer BookTests";
			productName = "Pauline Prayer BookTests";
			productReference = 601ACA491EAF9BB4005E86BA /* Pauline Prayer BookTests.xctest */;
			productType = "com.apple.product-type.bundle.unit-test";
		};
		601ACA531EAF9BB4005E86BA /* Pauline Prayer BookUITests */ = {
			isa = PBXNativeTarget;
			buildConfigurationList = 601ACA631EAF9BB4005E86BA /* Build configuration list for PBXNativeTarget "Pauline Prayer BookUITests" */;
			buildPhases = (
				601ACA501EAF9BB4005E86BA /* Sources */,
				601ACA511EAF9BB4005E86BA /* Frameworks */,
				601ACA521EAF9BB4005E86BA /* Resources */,
			);
			buildRules = (
			);
			dependencies = (
				601ACA561EAF9BB4005E86BA /* PBXTargetDependency */,
			);
			name = "Pauline Prayer BookUITests";
			productName = "Pauline Prayer BookUITests";
			productReference = 601ACA541EAF9BB4005E86BA /* Pauline Prayer BookUITests.xctest */;
			productType = "com.apple.product-type.bundle.ui-testing";
		};
/* End PBXNativeTarget section */

/* Begin PBXProject section */
		601ACA2D1EAF9BB4005E86BA /* Project object */ = {
			isa = PBXProject;
			attributes = {
				LastSwiftUpdateCheck = 0730;
				LastUpgradeCheck = 0730;
				TargetAttributes = {
					601ACA341EAF9BB4005E86BA = {
						CreatedOnToolsVersion = 7.3.1;
					};
					601ACA481EAF9BB4005E86BA = {
						CreatedOnToolsVersion = 7.3.1;
						TestTargetID = 601ACA341EAF9BB4005E86BA;
					};
					601ACA531EAF9BB4005E86BA = {
						CreatedOnToolsVersion = 7.3.1;
						TestTargetID = 601ACA341EAF9BB4005E86BA;
					};
				};
			};
			buildConfigurationList = 601ACA301EAF9BB4005E86BA /* Build configuration list for PBXProject "Pauline Prayer Book" */;
			compatibilityVersion = "Xcode 3.2";
			developmentRegion = English;
			hasScannedForEncodings = 0;
			knownRegions = (
				en,
				Base,
			);
			mainGroup = 601ACA2C1EAF9BB4005E86BA;
			productRefGroup = 601ACA361EAF9BB4005E86BA /* Products */;
			projectDirPath = "";
			projectRoot = "";
			targets = (
				601ACA341EAF9BB4005E86BA /* Pauline Prayer Book */,
				601ACA481EAF9BB4005E86BA /* Pauline Prayer BookTests */,
				601ACA531EAF9BB4005E86BA /* Pauline Prayer BookUITests */,
			);
		};
/* End PBXProject section */

/* Begin PBXResourcesBuildPhase section */
		601ACA331EAF9BB4005E86BA /* Resources */ = {
			isa = PBXResourcesBuildPhase;
			buildActionMask = 2147483647;
			files = (
				601ACA431EAF9BB4005E86BA /* LaunchScreen.storyboard in Resources */,
				601ACA401EAF9BB4005E86BA /* Assets.xcassets in Resources */,
				601ACA3E1EAF9BB4005E86BA /* Main.storyboard in Resources */,
			);
			runOnlyForDeploymentPostprocessing = 0;
		};
		601ACA471EAF9BB4005E86BA /* Resources */ = {
			isa = PBXResourcesBuildPhase;
			buildActionMask = 2147483647;
			files = (
			);
			runOnlyForDeploymentPostprocessing = 0;
		};
		601ACA521EAF9BB4005E86BA /* Resources */ = {
			isa = PBXResourcesBuildPhase;
			buildActionMask = 2147483647;
			files = (
			);
			runOnlyForDeploymentPostprocessing = 0;
		};
/* End PBXResourcesBuildPhase section */

/* Begin PBXSourcesBuildPhase section */
		601ACA311EAF9BB4005E86BA /* Sources */ = {
			isa = PBXSourcesBuildPhase;
			buildActionMask = 2147483647;
			files = (
				601ACA3B1EAF9BB4005E86BA /* ViewController.swift in Sources */,
				601ACA391EAF9BB4005E86BA /* AppDelegate.swift in Sources */,
			);
			runOnlyForDeploymentPostprocessing = 0;
		};
		601ACA451EAF9BB4005E86BA /* Sources */ = {
			isa = PBXSourcesBuildPhase;
			buildActionMask = 2147483647;
			files = (
				601ACA4E1EAF9BB4005E86BA /* Pauline_Prayer_BookTests.swift in Sources */,
			);
			runOnlyForDeploymentPostprocessing = 0;
		};
		601ACA501EAF9BB4005E86BA /* Sources */ = {
			isa = PBXSourcesBuildPhase;
			buildActionMask = 2147483647;
			files = (
				601ACA591EAF9BB4005E86BA /* Pauline_Prayer_BookUITests.swift in Sources */,
			);
			runOnlyForDeploymentPostprocessing = 0;
		};
/* End PBXSourcesBuildPhase section */

/* Begin PBXTargetDependency section */
		601ACA4B1EAF9BB4005E86BA /* PBXTargetDependency */ = {
			isa = PBXTargetDependency;
			target = 601ACA341EAF9BB4005E86BA /* Pauline Prayer Book */;
			targetProxy = 601ACA4A1EAF9BB4005E86BA /* PBXContainerItemProxy */;
		};
		601ACA561EAF9BB4005E86BA /* PBXTargetDependency */ = {
			isa = PBXTargetDependency;
			target = 601ACA341EAF9BB4005E86BA /* Pauline Prayer Book */;
			targetProxy = 601ACA551EAF9BB4005E86BA /* PBXContainerItemProxy */;
		};
/* End PBXTargetDependency section */

/* Begin PBXVariantGroup section */
		601ACA3C1EAF9BB4005E86BA /* Main.storyboard */ = {
			isa = PBXVariantGroup;
			children = (
				601ACA3D1EAF9BB4005E86BA /* Base */,
			);
			name = Main.storyboard;
			sourceTree = "<group>";
		};
		601ACA411EAF9BB4005E86BA /* LaunchScreen.storyboard */ = {
			isa = PBXVariantGroup;
			children = (
				601ACA421EAF9BB4005E86BA /* Base */,
			);
			name = LaunchScreen.storyboard;
			sourceTree = "<group>";
		};
/* End PBXVariantGroup section */

/* Begin XCBuildConfiguration section */
		601ACA5B1EAF9BB4005E86BA /* Debug */ = {
			isa = XCBuildConfiguration;
			buildSettings = {
				ALWAYS_SEARCH_USER_PATHS = NO;
				CLANG_ANALYZER_NONNULL = YES;
				CLANG_CXX_LANGUAGE_STANDARD = "gnu++0x";
				CLANG_CXX_LIBRARY = "libc++";
				CLANG_ENABLE_MODULES = YES;
				CLANG_ENABLE_OBJC_ARC = YES;
				CLANG_WARN_BOOL_CONVERSION = YES;
				CLANG_WARN_CONSTANT_CONVERSION = YES;
				CLANG_WARN_DIRECT_OBJC_ISA_USAGE = YES_ERROR;
				CLANG_WARN_EMPTY_BODY = YES;
				CLANG_WARN_ENUM_CONVERSION = YES;
				CLANG_WARN_INT_CONVERSION = YES;
				CLANG_WARN_OBJC_ROOT_CLASS = YES_ERROR;
				CLANG_WARN_UNREACHABLE_CODE = YES;
				CLANG_WARN__DUPLICATE_METHOD_MATCH = YES;
				"CODE_SIGN_IDENTITY[sdk=iphoneos*]" = "iPhone Developer";
				COPY_PHASE_STRIP = NO;
				DEBUG_INFORMATION_FORMAT = dwarf;
				ENABLE_STRICT_OBJC_MSGSEND = YES;
				ENABLE_TESTABILITY = YES;
				GCC_C_LANGUAGE_STANDARD = gnu99;
				GCC_DYNAMIC_NO_PIC = NO;
				GCC_NO_COMMON_BLOCKS = YES;
				GCC_OPTIMIZATION_LEVEL = 0;
				GCC_PREPROCESSOR_DEFINITIONS = (
					"DEBUG=1",
					"$(inherited)",
				);
				GCC_WARN_64_TO_32_BIT_CONVERSION = YES;
				GCC_WARN_ABOUT_RETURN_TYPE = YES_ERROR;
				GCC_WARN_UNDECLARED_SELECTOR = YES;
				GCC_WARN_UNINITIALIZED_AUTOS = YES_AGGRESSIVE;
				GCC_WARN_UNUSED_FUNCTION = YES;
				GCC_WARN_UNUSED_VARIABLE = YES;
				IPHONEOS_DEPLOYMENT_TARGET = 9.3;
				MTL_ENABLE_DEBUG_INFO = YES;
				ONLY_ACTIVE_ARCH = YES;
				SDKROOT = iphoneos;
				SWIFT_OPTIMIZATION_LEVEL = "-Onone";
				TARGETED_DEVICE_FAMILY = "1,2";
			};
			name = Debug;
		};
		601ACA5C1EAF9BB4005E86BA /* Release */ = {
			isa = XCBuildConfiguration;
			buildSettings = {
				ALWAYS_SEARCH_USER_PATHS = NO;
				CLANG_ANALYZER_NONNULL = YES;
				CLANG_CXX_LANGUAGE_STANDARD = "gnu++0x";
				CLANG_CXX_LIBRARY = "libc++";
				CLANG_ENABLE_MODULES = YES;
				CLANG_ENABLE_OBJC_ARC = YES;
				CLANG_WARN_BOOL_CONVERSION = YES;
				CLANG_WARN_CONSTANT_CONVERSION = YES;
				CLANG_WARN_DIRECT_OBJC_ISA_USAGE = YES_ERROR;
				CLANG_WARN_EMPTY_BODY = YES;
				CLANG_WARN_ENUM_CONVERSION = YES;
				CLANG_WARN_INT_CONVERSION = YES;
				CLANG_WARN_OBJC_ROOT_CLASS = YES_ERROR;
				CLANG_WARN_UNREACHABLE_CODE = YES;
				CLANG_WARN__DUPLICATE_METHOD_MATCH = YES;
				"CODE_SIGN_IDENTITY[sdk=iphoneos*]" = "iPhone Developer";
				COPY_PHASE_STRIP = NO;
				DEBUG_INFORMATION_FORMAT = "dwarf-with-dsym";
				ENABLE_NS_ASSERTIONS = NO;
				ENABLE_STRICT_OBJC_MSGSEND = YES;
				GCC_C_LANGUAGE_STANDARD = gnu99;
				GCC_NO_COMMON_BLOCKS = YES;
				GCC_WARN_64_TO_32_BIT_CONVERSION = YES;
				GCC_WARN_ABOUT_RETURN_TYPE = YES_ERROR;
				GCC_WARN_UNDECLARED_SELECTOR = YES;
				GCC_WARN_UNINITIALIZED_AUTOS = YES_AGGRESSIVE;
				GCC_WARN_UNUSED_FUNCTION = YES;
				GCC_WARN_UNUSED_VARIABLE = YES;
				IPHONEOS_DEPLOYMENT_TARGET = 9.3;
				MTL_ENABLE_DEBUG_INFO = NO;
				SDKROOT = iphoneos;
				TARGETED_DEVICE_FAMILY = "1,2";
				VALIDATE_PRODUCT = YES;
			};
			name = Release;
		};
		601ACA5E1EAF9BB4005E86BA /* Debug */ = {
			isa = XCBuildConfiguration;
			buildSettings = {
				ASSETCATALOG_COMPILER_APPICON_NAME = AppIcon;
				INFOPLIST_FILE = "Pauline Prayer Book/Info.plist";
				LD_RUNPATH_SEARCH_PATHS = "$(inherited) @executable_path/Frameworks";
				PRODUCT_BUNDLE_IDENTIFIER = "au.org.paulinefathers.Pauline-Prayer-Book";
				PRODUCT_NAME = "$(TARGET_NAME)";
			};
			name = Debug;
		};
		601ACA5F1EAF9BB4005E86BA /* Release */ = {
			isa = XCBuildConfiguration;
			buildSettings = {
				ASSETCATALOG_COMPILER_APPICON_NAME = AppIcon;
				INFOPLIST_FILE = "Pauline Prayer Book/Info.plist";
				LD_RUNPATH_SEARCH_PATHS = "$(inherited) @executable_path/Frameworks";
				PRODUCT_BUNDLE_IDENTIFIER = "au.org.paulinefathers.Pauline-Prayer-Book";
				PRODUCT_NAME = "$(TARGET_NAME)";
			};
			name = Release;
		};
		601ACA611EAF9BB4005E86BA /* Debug */ = {
			isa = XCBuildConfiguration;
			buildSettings = {
				BUNDLE_LOADER = "$(TEST_HOST)";
				INFOPLIST_FILE = "Pauline Prayer BookTests/Info.plist";
				LD_RUNPATH_SEARCH_PATHS = "$(inherited) @executable_path/Frameworks @loader_path/Frameworks";
				PRODUCT_BUNDLE_IDENTIFIER = "au.org.paulinefathers.Pauline-Prayer-BookTests";
				PRODUCT_NAME = "$(TARGET_NAME)";
				TEST_HOST = "$(BUILT_PRODUCTS_DIR)/Pauline Prayer Book.app/Pauline Prayer Book";
			};
			name = Debug;
		};
		601ACA621EAF9BB4005E86BA /* Release */ = {
			isa = XCBuildConfiguration;
			buildSettings = {
				BUNDLE_LOADER = "$(TEST_HOST)";
				INFOPLIST_FILE = "Pauline Prayer BookTests/Info.plist";
				LD_RUNPATH_SEARCH_PATHS = "$(inherited) @executable_path/Frameworks @loader_path/Frameworks";
				PRODUCT_BUNDLE_IDENTIFIER = "au.org.paulinefathers.Pauline-Prayer-BookTests";
				PRODUCT_NAME = "$(TARGET_NAME)";
				TEST_HOST = "$(BUILT_PRODUCTS_DIR)/Pauline Prayer Book.app/Pauline Prayer Book";
			};
			name = Release;
		};
		601ACA641EAF9BB4005E86BA /* Debug */ = {
			isa = XCBuildConfiguration;
			buildSettings = {
				INFOPLIST_FILE = "Pauline Prayer BookUITests/Info.plist";
				LD_RUNPATH_SEARCH_PATHS = "$(inherited) @executable_path/Frameworks @loader_path/Frameworks";
				PRODUCT_BUNDLE_IDENTIFIER = "au.org.paulinefathers.Pauline-Prayer-BookUITests";
				PRODUCT_NAME = "$(TARGET_NAME)";
				TEST_TARGET_NAME = "Pauline Prayer Book";
			};
			name = Debug;
		};
		601ACA651EAF9BB4005E86BA /* Release */ = {
			isa = XCBuildConfiguration;
			buildSettings = {
				INFOPLIST_FILE = "Pauline Prayer BookUITests/Info.plist";
				LD_RUNPATH_SEARCH_PATHS = "$(inherited) @executable_path/Frameworks @loader_path/Frameworks";
				PRODUCT_BUNDLE_IDENTIFIER = "au.org.paulinefathers.Pauline-Prayer-BookUITests";
				PRODUCT_NAME = "$(TARGET_NAME)";
				TEST_TARGET_NAME = "Pauline Prayer Book";
			};
			name = Release;
		};
/* End XCBuildConfiguration section */

/* Begin XCConfigurationList section */
		601ACA301EAF9BB4005E86BA /* Build configuration list for PBXProject "Pauline Prayer Book" */ = {
			isa = XCConfigurationList;
			buildConfigurations = (
				601ACA5B1EAF9BB4005E86BA /* Debug */,
				601ACA5C1EAF9BB4005E86BA /* Release */,
			);
			defaultConfigurationIsVisible = 0;
			defaultConfigurationName = Release;
		};
		601ACA5D1EAF9BB4005E86BA /* Build configuration list for PBXNativeTarget "Pauline Prayer Book" */ = {
			isa = XCConfigurationList;
			buildConfigurations = (
				601ACA5E1EAF9BB4005E86BA /* Debug */,
				601ACA5F1EAF9BB4005E86BA /* Release */,
			);
			defaultConfigurationIsVisible = 0;
		};
		601ACA601EAF9BB4005E86BA /* Build configuration list for PBXNativeTarget "Pauline Prayer BookTests" */ = {
			isa = XCConfigurationList;
			buildConfigurations = (
				601ACA611EAF9BB4005E86BA /* Debug */,
				601ACA621EAF9BB4005E86BA /* Release */,
			);
			defaultConfigurationIsVisible = 0;
		};
		601ACA631EAF9BB4005E86BA /* Build configuration list for PBXNativeTarget "Pauline Prayer BookUITests" */ = {
			isa = XCConfigurationList;
			buildConfigurations = (
				601ACA641EAF9BB4005E86BA /* Debug */,
				601ACA651EAF9BB4005E86BA /* Release */,
			);
			defaultConfigurationIsVisible = 0;
		};
/* End XCConfigurationList section */
	};
	rootObject = 601ACA2D1EAF9BB4005E86BA /* Project object */;
}
