// !$*UTF8*$!
{
	archiveVersion = 1;
	classes = {
	};
	objectVersion = 46;
	objects = {

/* Begin PBXBuildFile section */
		604F186B1EAF9C4E00B65336 /* AppDelegate.swift in Sources */ = {isa = PBXBuildFile; fileRef = 604F186A1EAF9C4E00B65336 /* AppDelegate.swift */; };
		604F186D1EAF9C4E00B65336 /* ViewController.swift in Sources */ = {isa = PBXBuildFile; fileRef = 604F186C1EAF9C4E00B65336 /* ViewController.swift */; };
		604F18701EAF9C4E00B65336 /* Main.storyboard in Resources */ = {isa = PBXBuildFile; fileRef = 604F186E1EAF9C4E00B65336 /* Main.storyboard */; };
		604F18721EAF9C4E00B65336 /* Assets.xcassets in Resources */ = {isa = PBXBuildFile; fileRef = 604F18711EAF9C4E00B65336 /* Assets.xcassets */; };
		604F18751EAF9C4E00B65336 /* LaunchScreen.storyboard in Resources */ = {isa = PBXBuildFile; fileRef = 604F18731EAF9C4E00B65336 /* LaunchScreen.storyboard */; };
		604F18801EAF9C4E00B65336 /* Pauline_Prayer_BookTests.swift in Sources */ = {isa = PBXBuildFile; fileRef = 604F187F1EAF9C4E00B65336 /* Pauline_Prayer_BookTests.swift */; };
		604F188B1EAF9C4E00B65336 /* Pauline_Prayer_BookUITests.swift in Sources */ = {isa = PBXBuildFile; fileRef = 604F188A1EAF9C4E00B65336 /* Pauline_Prayer_BookUITests.swift */; };
/* End PBXBuildFile section */

/* Begin PBXContainerItemProxy section */
		604F187C1EAF9C4E00B65336 /* PBXContainerItemProxy */ = {
			isa = PBXContainerItemProxy;
			containerPortal = 604F185F1EAF9C4E00B65336 /* Project object */;
			proxyType = 1;
			remoteGlobalIDString = 604F18661EAF9C4E00B65336;
			remoteInfo = "Pauline Prayer Book";
		};
		604F18871EAF9C4E00B65336 /* PBXContainerItemProxy */ = {
			isa = PBXContainerItemProxy;
			containerPortal = 604F185F1EAF9C4E00B65336 /* Project object */;
			proxyType = 1;
			remoteGlobalIDString = 604F18661EAF9C4E00B65336;
			remoteInfo = "Pauline Prayer Book";
		};
/* End PBXContainerItemProxy section */

/* Begin PBXFileReference section */
		604F18671EAF9C4E00B65336 /* Pauline Prayer Book.app */ = {isa = PBXFileReference; explicitFileType = wrapper.application; includeInIndex = 0; path = "Pauline Prayer Book.app"; sourceTree = BUILT_PRODUCTS_DIR; };
		604F186A1EAF9C4E00B65336 /* AppDelegate.swift */ = {isa = PBXFileReference; lastKnownFileType = sourcecode.swift; path = AppDelegate.swift; sourceTree = "<group>"; };
		604F186C1EAF9C4E00B65336 /* ViewController.swift */ = {isa = PBXFileReference; lastKnownFileType = sourcecode.swift; path = ViewController.swift; sourceTree = "<group>"; };
		604F186F1EAF9C4E00B65336 /* Base */ = {isa = PBXFileReference; lastKnownFileType = file.storyboard; name = Base; path = Base.lproj/Main.storyboard; sourceTree = "<group>"; };
		604F18711EAF9C4E00B65336 /* Assets.xcassets */ = {isa = PBXFileReference; lastKnownFileType = folder.assetcatalog; path = Assets.xcassets; sourceTree = "<group>"; };
		604F18741EAF9C4E00B65336 /* Base */ = {isa = PBXFileReference; lastKnownFileType = file.storyboard; name = Base; path = Base.lproj/LaunchScreen.storyboard; sourceTree = "<group>"; };
		604F18761EAF9C4E00B65336 /* Info.plist */ = {isa = PBXFileReference; lastKnownFileType = text.plist.xml; path = Info.plist; sourceTree = "<group>"; };
		604F187B1EAF9C4E00B65336 /* Pauline Prayer BookTests.xctest */ = {isa = PBXFileReference; explicitFileType = wrapper.cfbundle; includeInIndex = 0; path = "Pauline Prayer BookTests.xctest"; sourceTree = BUILT_PRODUCTS_DIR; };
		604F187F1EAF9C4E00B65336 /* Pauline_Prayer_BookTests.swift */ = {isa = PBXFileReference; lastKnownFileType = sourcecode.swift; path = Pauline_Prayer_BookTests.swift; sourceTree = "<group>"; };
		604F18811EAF9C4E00B65336 /* Info.plist */ = {isa = PBXFileReference; lastKnownFileType = text.plist.xml; path = Info.plist; sourceTree = "<group>"; };
		604F18861EAF9C4E00B65336 /* Pauline Prayer BookUITests.xctest */ = {isa = PBXFileReference; explicitFileType = wrapper.cfbundle; includeInIndex = 0; path = "Pauline Prayer BookUITests.xctest"; sourceTree = BUILT_PRODUCTS_DIR; };
		604F188A1EAF9C4E00B65336 /* Pauline_Prayer_BookUITests.swift */ = {isa = PBXFileReference; lastKnownFileType = sourcecode.swift; path = Pauline_Prayer_BookUITests.swift; sourceTree = "<group>"; };
		604F188C1EAF9C4E00B65336 /* Info.plist */ = {isa = PBXFileReference; lastKnownFileType = text.plist.xml; path = Info.plist; sourceTree = "<group>"; };
/* End PBXFileReference section */

/* Begin PBXFrameworksBuildPhase section */
		604F18641EAF9C4E00B65336 /* Frameworks */ = {
			isa = PBXFrameworksBuildPhase;
			buildActionMask = 2147483647;
			files = (
			);
			runOnlyForDeploymentPostprocessing = 0;
		};
		604F18781EAF9C4E00B65336 /* Frameworks */ = {
			isa = PBXFrameworksBuildPhase;
			buildActionMask = 2147483647;
			files = (
			);
			runOnlyForDeploymentPostprocessing = 0;
		};
		604F18831EAF9C4E00B65336 /* Frameworks */ = {
			isa = PBXFrameworksBuildPhase;
			buildActionMask = 2147483647;
			files = (
			);
			runOnlyForDeploymentPostprocessing = 0;
		};
/* End PBXFrameworksBuildPhase section */

/* Begin PBXGroup section */
		604F185E1EAF9C4E00B65336 = {
			isa = PBXGroup;
			children = (
				604F18691EAF9C4E00B65336 /* Pauline Prayer Book */,
				604F187E1EAF9C4E00B65336 /* Pauline Prayer BookTests */,
				604F18891EAF9C4E00B65336 /* Pauline Prayer BookUITests */,
				604F18681EAF9C4E00B65336 /* Products */,
			);
			sourceTree = "<group>";
		};
		604F18681EAF9C4E00B65336 /* Products */ = {
			isa = PBXGroup;
			children = (
				604F18671EAF9C4E00B65336 /* Pauline Prayer Book.app */,
				604F187B1EAF9C4E00B65336 /* Pauline Prayer BookTests.xctest */,
				604F18861EAF9C4E00B65336 /* Pauline Prayer BookUITests.xctest */,
			);
			name = Products;
			sourceTree = "<group>";
		};
		604F18691EAF9C4E00B65336 /* Pauline Prayer Book */ = {
			isa = PBXGroup;
			children = (
				604F186A1EAF9C4E00B65336 /* AppDelegate.swift */,
				604F186C1EAF9C4E00B65336 /* ViewController.swift */,
				604F186E1EAF9C4E00B65336 /* Main.storyboard */,
				604F18711EAF9C4E00B65336 /* Assets.xcassets */,
				604F18731EAF9C4E00B65336 /* LaunchScreen.storyboard */,
				604F18761EAF9C4E00B65336 /* Info.plist */,
			);
			path = "Pauline Prayer Book";
			sourceTree = "<group>";
		};
		604F187E1EAF9C4E00B65336 /* Pauline Prayer BookTests */ = {
			isa = PBXGroup;
			children = (
				604F187F1EAF9C4E00B65336 /* Pauline_Prayer_BookTests.swift */,
				604F18811EAF9C4E00B65336 /* Info.plist */,
			);
			path = "Pauline Prayer BookTests";
			sourceTree = "<group>";
		};
		604F18891EAF9C4E00B65336 /* Pauline Prayer BookUITests */ = {
			isa = PBXGroup;
			children = (
				604F188A1EAF9C4E00B65336 /* Pauline_Prayer_BookUITests.swift */,
				604F188C1EAF9C4E00B65336 /* Info.plist */,
			);
			path = "Pauline Prayer BookUITests";
			sourceTree = "<group>";
		};
/* End PBXGroup section */

/* Begin PBXNativeTarget section */
		604F18661EAF9C4E00B65336 /* Pauline Prayer Book */ = {
			isa = PBXNativeTarget;
			buildConfigurationList = 604F188F1EAF9C4E00B65336 /* Build configuration list for PBXNativeTarget "Pauline Prayer Book" */;
			buildPhases = (
				604F18631EAF9C4E00B65336 /* Sources */,
				604F18641EAF9C4E00B65336 /* Frameworks */,
				604F18651EAF9C4E00B65336 /* Resources */,
			);
			buildRules = (
			);
			dependencies = (
			);
			name = "Pauline Prayer Book";
			productName = "Pauline Prayer Book";
			productReference = 604F18671EAF9C4E00B65336 /* Pauline Prayer Book.app */;
			productType = "com.apple.product-type.application";
		};
		604F187A1EAF9C4E00B65336 /* Pauline Prayer BookTests */ = {
			isa = PBXNativeTarget;
			buildConfigurationList = 604F18921EAF9C4E00B65336 /* Build configuration list for PBXNativeTarget "Pauline Prayer BookTests" */;
			buildPhases = (
				604F18771EAF9C4E00B65336 /* Sources */,
				604F18781EAF9C4E00B65336 /* Frameworks */,
				604F18791EAF9C4E00B65336 /* Resources */,
			);
			buildRules = (
			);
			dependencies = (
				604F187D1EAF9C4E00B65336 /* PBXTargetDependency */,
			);
			name = "Pauline Prayer BookTests";
			productName = "Pauline Prayer BookTests";
			productReference = 604F187B1EAF9C4E00B65336 /* Pauline Prayer BookTests.xctest */;
			productType = "com.apple.product-type.bundle.unit-test";
		};
		604F18851EAF9C4E00B65336 /* Pauline Prayer BookUITests */ = {
			isa = PBXNativeTarget;
			buildConfigurationList = 604F18951EAF9C4E00B65336 /* Build configuration list for PBXNativeTarget "Pauline Prayer BookUITests" */;
			buildPhases = (
				604F18821EAF9C4E00B65336 /* Sources */,
				604F18831EAF9C4E00B65336 /* Frameworks */,
				604F18841EAF9C4E00B65336 /* Resources */,
			);
			buildRules = (
			);
			dependencies = (
				604F18881EAF9C4E00B65336 /* PBXTargetDependency */,
			);
			name = "Pauline Prayer BookUITests";
			productName = "Pauline Prayer BookUITests";
			productReference = 604F18861EAF9C4E00B65336 /* Pauline Prayer BookUITests.xctest */;
			productType = "com.apple.product-type.bundle.ui-testing";
		};
/* End PBXNativeTarget section */

/* Begin PBXProject section */
		604F185F1EAF9C4E00B65336 /* Project object */ = {
			isa = PBXProject;
			attributes = {
				LastSwiftUpdateCheck = 0730;
				LastUpgradeCheck = 0730;
				TargetAttributes = {
					604F18661EAF9C4E00B65336 = {
						CreatedOnToolsVersion = 7.3.1;
					};
					604F187A1EAF9C4E00B65336 = {
						CreatedOnToolsVersion = 7.3.1;
						TestTargetID = 604F18661EAF9C4E00B65336;
					};
					604F18851EAF9C4E00B65336 = {
						CreatedOnToolsVersion = 7.3.1;
						TestTargetID = 604F18661EAF9C4E00B65336;
					};
				};
			};
			buildConfigurationList = 604F18621EAF9C4E00B65336 /* Build configuration list for PBXProject "Pauline Prayer Book" */;
			compatibilityVersion = "Xcode 3.2";
			developmentRegion = English;
			hasScannedForEncodings = 0;
			knownRegions = (
				en,
				Base,
			);
			mainGroup = 604F185E1EAF9C4E00B65336;
			productRefGroup = 604F18681EAF9C4E00B65336 /* Products */;
			projectDirPath = "";
			projectRoot = "";
			targets = (
				604F18661EAF9C4E00B65336 /* Pauline Prayer Book */,
				604F187A1EAF9C4E00B65336 /* Pauline Prayer BookTests */,
				604F18851EAF9C4E00B65336 /* Pauline Prayer BookUITests */,
			);
		};
/* End PBXProject section */

/* Begin PBXResourcesBuildPhase section */
		604F18651EAF9C4E00B65336 /* Resources */ = {
			isa = PBXResourcesBuildPhase;
			buildActionMask = 2147483647;
			files = (
				604F18751EAF9C4E00B65336 /* LaunchScreen.storyboard in Resources */,
				604F18721EAF9C4E00B65336 /* Assets.xcassets in Resources */,
				604F18701EAF9C4E00B65336 /* Main.storyboard in Resources */,
			);
			runOnlyForDeploymentPostprocessing = 0;
		};
		604F18791EAF9C4E00B65336 /* Resources */ = {
			isa = PBXResourcesBuildPhase;
			buildActionMask = 2147483647;
			files = (
			);
			runOnlyForDeploymentPostprocessing = 0;
		};
		604F18841EAF9C4E00B65336 /* Resources */ = {
			isa = PBXResourcesBuildPhase;
			buildActionMask = 2147483647;
			files = (
			);
			runOnlyForDeploymentPostprocessing = 0;
		};
/* End PBXResourcesBuildPhase section */

/* Begin PBXSourcesBuildPhase section */
		604F18631EAF9C4E00B65336 /* Sources */ = {
			isa = PBXSourcesBuildPhase;
			buildActionMask = 2147483647;
			files = (
				604F186D1EAF9C4E00B65336 /* ViewController.swift in Sources */,
				604F186B1EAF9C4E00B65336 /* AppDelegate.swift in Sources */,
			);
			runOnlyForDeploymentPostprocessing = 0;
		};
		604F18771EAF9C4E00B65336 /* Sources */ = {
			isa = PBXSourcesBuildPhase;
			buildActionMask = 2147483647;
			files = (
				604F18801EAF9C4E00B65336 /* Pauline_Prayer_BookTests.swift in Sources */,
			);
			runOnlyForDeploymentPostprocessing = 0;
		};
		604F18821EAF9C4E00B65336 /* Sources */ = {
			isa = PBXSourcesBuildPhase;
			buildActionMask = 2147483647;
			files = (
				604F188B1EAF9C4E00B65336 /* Pauline_Prayer_BookUITests.swift in Sources */,
			);
			runOnlyForDeploymentPostprocessing = 0;
		};
/* End PBXSourcesBuildPhase section */

/* Begin PBXTargetDependency section */
		604F187D1EAF9C4E00B65336 /* PBXTargetDependency */ = {
			isa = PBXTargetDependency;
			target = 604F18661EAF9C4E00B65336 /* Pauline Prayer Book */;
			targetProxy = 604F187C1EAF9C4E00B65336 /* PBXContainerItemProxy */;
		};
		604F18881EAF9C4E00B65336 /* PBXTargetDependency */ = {
			isa = PBXTargetDependency;
			target = 604F18661EAF9C4E00B65336 /* Pauline Prayer Book */;
			targetProxy = 604F18871EAF9C4E00B65336 /* PBXContainerItemProxy */;
		};
/* End PBXTargetDependency section */

/* Begin PBXVariantGroup section */
		604F186E1EAF9C4E00B65336 /* Main.storyboard */ = {
			isa = PBXVariantGroup;
			children = (
				604F186F1EAF9C4E00B65336 /* Base */,
			);
			name = Main.storyboard;
			sourceTree = "<group>";
		};
		604F18731EAF9C4E00B65336 /* LaunchScreen.storyboard */ = {
			isa = PBXVariantGroup;
			children = (
				604F18741EAF9C4E00B65336 /* Base */,
			);
			name = LaunchScreen.storyboard;
			sourceTree = "<group>";
		};
/* End PBXVariantGroup section */

/* Begin XCBuildConfiguration section */
		604F188D1EAF9C4E00B65336 /* Debug */ = {
			isa = XCBuildConfiguration;
			buildSettings = {
				ALWAYS_SEARCH_USER_PATHS = NO;
				CLANG_ANALYZER_NONNULL = YES;
				CLANG_CXX_LANGUAGE_STANDARD = "gnu++0x";
				CLANG_CXX_LIBRARY = "libc++";
				CLANG_ENABLE_MODULES = YES;
				CLANG_ENABLE_OBJC_ARC = YES;
				CLANG_WARN_BOOL_CONVERSION = YES;
				CLANG_WARN_CONSTANT_CONVERSION = YES;
				CLANG_WARN_DIRECT_OBJC_ISA_USAGE = YES_ERROR;
				CLANG_WARN_EMPTY_BODY = YES;
				CLANG_WARN_ENUM_CONVERSION = YES;
				CLANG_WARN_INT_CONVERSION = YES;
				CLANG_WARN_OBJC_ROOT_CLASS = YES_ERROR;
				CLANG_WARN_UNREACHABLE_CODE = YES;
				CLANG_WARN__DUPLICATE_METHOD_MATCH = YES;
				"CODE_SIGN_IDENTITY[sdk=iphoneos*]" = "iPhone Developer";
				COPY_PHASE_STRIP = NO;
				DEBUG_INFORMATION_FORMAT = dwarf;
				ENABLE_STRICT_OBJC_MSGSEND = YES;
				ENABLE_TESTABILITY = YES;
				GCC_C_LANGUAGE_STANDARD = gnu99;
				GCC_DYNAMIC_NO_PIC = NO;
				GCC_NO_COMMON_BLOCKS = YES;
				GCC_OPTIMIZATION_LEVEL = 0;
				GCC_PREPROCESSOR_DEFINITIONS = (
					"DEBUG=1",
					"$(inherited)",
				);
				GCC_WARN_64_TO_32_BIT_CONVERSION = YES;
				GCC_WARN_ABOUT_RETURN_TYPE = YES_ERROR;
				GCC_WARN_UNDECLARED_SELECTOR = YES;
				GCC_WARN_UNINITIALIZED_AUTOS = YES_AGGRESSIVE;
				GCC_WARN_UNUSED_FUNCTION = YES;
				GCC_WARN_UNUSED_VARIABLE = YES;
				IPHONEOS_DEPLOYMENT_TARGET = 9.3;
				MTL_ENABLE_DEBUG_INFO = YES;
				ONLY_ACTIVE_ARCH = YES;
				SDKROOT = iphoneos;
				SWIFT_OPTIMIZATION_LEVEL = "-Onone";
				TARGETED_DEVICE_FAMILY = "1,2";
			};
			name = Debug;
		};
		604F188E1EAF9C4E00B65336 /* Release */ = {
			isa = XCBuildConfiguration;
			buildSettings = {
				ALWAYS_SEARCH_USER_PATHS = NO;
				CLANG_ANALYZER_NONNULL = YES;
				CLANG_CXX_LANGUAGE_STANDARD = "gnu++0x";
				CLANG_CXX_LIBRARY = "libc++";
				CLANG_ENABLE_MODULES = YES;
				CLANG_ENABLE_OBJC_ARC = YES;
				CLANG_WARN_BOOL_CONVERSION = YES;
				CLANG_WARN_CONSTANT_CONVERSION = YES;
				CLANG_WARN_DIRECT_OBJC_ISA_USAGE = YES_ERROR;
				CLANG_WARN_EMPTY_BODY = YES;
				CLANG_WARN_ENUM_CONVERSION = YES;
				CLANG_WARN_INT_CONVERSION = YES;
				CLANG_WARN_OBJC_ROOT_CLASS = YES_ERROR;
				CLANG_WARN_UNREACHABLE_CODE = YES;
				CLANG_WARN__DUPLICATE_METHOD_MATCH = YES;
				"CODE_SIGN_IDENTITY[sdk=iphoneos*]" = "iPhone Developer";
				COPY_PHASE_STRIP = NO;
				DEBUG_INFORMATION_FORMAT = "dwarf-with-dsym";
				ENABLE_NS_ASSERTIONS = NO;
				ENABLE_STRICT_OBJC_MSGSEND = YES;
				GCC_C_LANGUAGE_STANDARD = gnu99;
				GCC_NO_COMMON_BLOCKS = YES;
				GCC_WARN_64_TO_32_BIT_CONVERSION = YES;
				GCC_WARN_ABOUT_RETURN_TYPE = YES_ERROR;
				GCC_WARN_UNDECLARED_SELECTOR = YES;
				GCC_WARN_UNINITIALIZED_AUTOS = YES_AGGRESSIVE;
				GCC_WARN_UNUSED_FUNCTION = YES;
				GCC_WARN_UNUSED_VARIABLE = YES;
				IPHONEOS_DEPLOYMENT_TARGET = 9.3;
				MTL_ENABLE_DEBUG_INFO = NO;
				SDKROOT = iphoneos;
				TARGETED_DEVICE_FAMILY = "1,2";
				VALIDATE_PRODUCT = YES;
			};
			name = Release;
		};
		604F18901EAF9C4E00B65336 /* Debug */ = {
			isa = XCBuildConfiguration;
			buildSettings = {
				ASSETCATALOG_COMPILER_APPICON_NAME = AppIcon;
				INFOPLIST_FILE = "Pauline Prayer Book/Info.plist";
				LD_RUNPATH_SEARCH_PATHS = "$(inherited) @executable_path/Frameworks";
				PRODUCT_BUNDLE_IDENTIFIER = "au.org.paulinefathers.Pauline-Prayer-Book";
				PRODUCT_NAME = "$(TARGET_NAME)";
			};
			name = Debug;
		};
		604F18911EAF9C4E00B65336 /* Release */ = {
			isa = XCBuildConfiguration;
			buildSettings = {
				ASSETCATALOG_COMPILER_APPICON_NAME = AppIcon;
				INFOPLIST_FILE = "Pauline Prayer Book/Info.plist";
				LD_RUNPATH_SEARCH_PATHS = "$(inherited) @executable_path/Frameworks";
				PRODUCT_BUNDLE_IDENTIFIER = "au.org.paulinefathers.Pauline-Prayer-Book";
				PRODUCT_NAME = "$(TARGET_NAME)";
			};
			name = Release;
		};
		604F18931EAF9C4E00B65336 /* Debug */ = {
			isa = XCBuildConfiguration;
			buildSettings = {
				BUNDLE_LOADER = "$(TEST_HOST)";
				INFOPLIST_FILE = "Pauline Prayer BookTests/Info.plist";
				LD_RUNPATH_SEARCH_PATHS = "$(inherited) @executable_path/Frameworks @loader_path/Frameworks";
				PRODUCT_BUNDLE_IDENTIFIER = "au.org.paulinefathers.Pauline-Prayer-BookTests";
				PRODUCT_NAME = "$(TARGET_NAME)";
				TEST_HOST = "$(BUILT_PRODUCTS_DIR)/Pauline Prayer Book.app/Pauline Prayer Book";
			};
			name = Debug;
		};
		604F18941EAF9C4E00B65336 /* Release */ = {
			isa = XCBuildConfiguration;
			buildSettings = {
				BUNDLE_LOADER = "$(TEST_HOST)";
				INFOPLIST_FILE = "Pauline Prayer BookTests/Info.plist";
				LD_RUNPATH_SEARCH_PATHS = "$(inherited) @executable_path/Frameworks @loader_path/Frameworks";
				PRODUCT_BUNDLE_IDENTIFIER = "au.org.paulinefathers.Pauline-Prayer-BookTests";
				PRODUCT_NAME = "$(TARGET_NAME)";
				TEST_HOST = "$(BUILT_PRODUCTS_DIR)/Pauline Prayer Book.app/Pauline Prayer Book";
			};
			name = Release;
		};
		604F18961EAF9C4E00B65336 /* Debug */ = {
			isa = XCBuildConfiguration;
			buildSettings = {
				INFOPLIST_FILE = "Pauline Prayer BookUITests/Info.plist";
				LD_RUNPATH_SEARCH_PATHS = "$(inherited) @executable_path/Frameworks @loader_path/Frameworks";
				PRODUCT_BUNDLE_IDENTIFIER = "au.org.paulinefathers.Pauline-Prayer-BookUITests";
				PRODUCT_NAME = "$(TARGET_NAME)";
				TEST_TARGET_NAME = "Pauline Prayer Book";
			};
			name = Debug;
		};
		604F18971EAF9C4E00B65336 /* Release */ = {
			isa = XCBuildConfiguration;
			buildSettings = {
				INFOPLIST_FILE = "Pauline Prayer BookUITests/Info.plist";
				LD_RUNPATH_SEARCH_PATHS = "$(inherited) @executable_path/Frameworks @loader_path/Frameworks";
				PRODUCT_BUNDLE_IDENTIFIER = "au.org.paulinefathers.Pauline-Prayer-BookUITests";
				PRODUCT_NAME = "$(TARGET_NAME)";
				TEST_TARGET_NAME = "Pauline Prayer Book";
			};
			name = Release;
		};
/* End XCBuildConfiguration section */

/* Begin XCConfigurationList section */
		604F18621EAF9C4E00B65336 /* Build configuration list for PBXProject "Pauline Prayer Book" */ = {
			isa = XCConfigurationList;
			buildConfigurations = (
				604F188D1EAF9C4E00B65336 /* Debug */,
				604F188E1EAF9C4E00B65336 /* Release */,
			);
			defaultConfigurationIsVisible = 0;
			defaultConfigurationName = Release;
		};
		604F188F1EAF9C4E00B65336 /* Build configuration list for PBXNativeTarget "Pauline Prayer Book" */ = {
			isa = XCConfigurationList;
			buildConfigurations = (
				604F18901EAF9C4E00B65336 /* Debug */,
				604F18911EAF9C4E00B65336 /* Release */,
			);
			defaultConfigurationIsVisible = 0;
		};
		604F18921EAF9C4E00B65336 /* Build configuration list for PBXNativeTarget "Pauline Prayer BookTests" */ = {
			isa = XCConfigurationList;
			buildConfigurations = (
				604F18931EAF9C4E00B65336 /* Debug */,
				604F18941EAF9C4E00B65336 /* Release */,
			);
			defaultConfigurationIsVisible = 0;
		};
		604F18951EAF9C4E00B65336 /* Build configuration list for PBXNativeTarget "Pauline Prayer BookUITests" */ = {
			isa = XCConfigurationList;
			buildConfigurations = (
				604F18961EAF9C4E00B65336 /* Debug */,
				604F18971EAF9C4E00B65336 /* Release */,
			);
			defaultConfigurationIsVisible = 0;
		};
/* End XCConfigurationList section */
	};
	rootObject = 604F185F1EAF9C4E00B65336 /* Project object */;
}
